// !$*UTF8*$!
{
	archiveVersion = 1;
	classes = {
	};
	objectVersion = 46;
	objects = {

/* Begin PBXBuildFile section */
		9C722C0E1A912D9A006F82E1 /* BlackJack_Table.png in Resources */ = {isa = PBXBuildFile; fileRef = 9C722C0D1A912D9A006F82E1 /* BlackJack_Table.png */; };
		9C722C101A914A37006F82E1 /* closed.png in Resources */ = {isa = PBXBuildFile; fileRef = 9C722C0F1A914A37006F82E1 /* closed.png */; };
		9C722C1E1A914A43006F82E1 /* clubs01.png in Resources */ = {isa = PBXBuildFile; fileRef = 9C722C111A914A43006F82E1 /* clubs01.png */; };
		9C722C1F1A914A43006F82E1 /* clubs02.png in Resources */ = {isa = PBXBuildFile; fileRef = 9C722C121A914A43006F82E1 /* clubs02.png */; };
		9C722C201A914A43006F82E1 /* clubs03.png in Resources */ = {isa = PBXBuildFile; fileRef = 9C722C131A914A43006F82E1 /* clubs03.png */; };
		9C722C211A914A43006F82E1 /* clubs04.png in Resources */ = {isa = PBXBuildFile; fileRef = 9C722C141A914A43006F82E1 /* clubs04.png */; };
		9C722C221A914A43006F82E1 /* clubs05.png in Resources */ = {isa = PBXBuildFile; fileRef = 9C722C151A914A43006F82E1 /* clubs05.png */; };
		9C722C231A914A43006F82E1 /* clubs06.png in Resources */ = {isa = PBXBuildFile; fileRef = 9C722C161A914A43006F82E1 /* clubs06.png */; };
		9C722C241A914A43006F82E1 /* clubs07.png in Resources */ = {isa = PBXBuildFile; fileRef = 9C722C171A914A43006F82E1 /* clubs07.png */; };
		9C722C251A914A43006F82E1 /* clubs08.png in Resources */ = {isa = PBXBuildFile; fileRef = 9C722C181A914A43006F82E1 /* clubs08.png */; };
		9C722C261A914A43006F82E1 /* clubs09.png in Resources */ = {isa = PBXBuildFile; fileRef = 9C722C191A914A43006F82E1 /* clubs09.png */; };
		9C722C271A914A43006F82E1 /* clubs10.png in Resources */ = {isa = PBXBuildFile; fileRef = 9C722C1A1A914A43006F82E1 /* clubs10.png */; };
		9C722C281A914A43006F82E1 /* clubs11.png in Resources */ = {isa = PBXBuildFile; fileRef = 9C722C1B1A914A43006F82E1 /* clubs11.png */; };
		9C722C291A914A43006F82E1 /* clubs12.png in Resources */ = {isa = PBXBuildFile; fileRef = 9C722C1C1A914A43006F82E1 /* clubs12.png */; };
		9C722C2A1A914A43006F82E1 /* clubs13.png in Resources */ = {isa = PBXBuildFile; fileRef = 9C722C1D1A914A43006F82E1 /* clubs13.png */; };
		9C722C381A914A59006F82E1 /* diamonds01.png in Resources */ = {isa = PBXBuildFile; fileRef = 9C722C2B1A914A59006F82E1 /* diamonds01.png */; };
		9C722C391A914A59006F82E1 /* diamonds02.png in Resources */ = {isa = PBXBuildFile; fileRef = 9C722C2C1A914A59006F82E1 /* diamonds02.png */; };
		9C722C3A1A914A59006F82E1 /* diamonds03.png in Resources */ = {isa = PBXBuildFile; fileRef = 9C722C2D1A914A59006F82E1 /* diamonds03.png */; };
		9C722C3B1A914A59006F82E1 /* diamonds04.png in Resources */ = {isa = PBXBuildFile; fileRef = 9C722C2E1A914A59006F82E1 /* diamonds04.png */; };
		9C722C3C1A914A59006F82E1 /* diamonds05.png in Resources */ = {isa = PBXBuildFile; fileRef = 9C722C2F1A914A59006F82E1 /* diamonds05.png */; };
		9C722C3D1A914A59006F82E1 /* diamonds06.png in Resources */ = {isa = PBXBuildFile; fileRef = 9C722C301A914A59006F82E1 /* diamonds06.png */; };
		9C722C3E1A914A59006F82E1 /* diamonds07.png in Resources */ = {isa = PBXBuildFile; fileRef = 9C722C311A914A59006F82E1 /* diamonds07.png */; };
		9C722C3F1A914A59006F82E1 /* diamonds08.png in Resources */ = {isa = PBXBuildFile; fileRef = 9C722C321A914A59006F82E1 /* diamonds08.png */; };
		9C722C401A914A59006F82E1 /* diamonds09.png in Resources */ = {isa = PBXBuildFile; fileRef = 9C722C331A914A59006F82E1 /* diamonds09.png */; };
		9C722C411A914A59006F82E1 /* diamonds10.png in Resources */ = {isa = PBXBuildFile; fileRef = 9C722C341A914A59006F82E1 /* diamonds10.png */; };
		9C722C421A914A59006F82E1 /* diamonds11.png in Resources */ = {isa = PBXBuildFile; fileRef = 9C722C351A914A59006F82E1 /* diamonds11.png */; };
		9C722C431A914A59006F82E1 /* diamonds12.png in Resources */ = {isa = PBXBuildFile; fileRef = 9C722C361A914A59006F82E1 /* diamonds12.png */; };
		9C722C441A914A59006F82E1 /* diamonds13.png in Resources */ = {isa = PBXBuildFile; fileRef = 9C722C371A914A59006F82E1 /* diamonds13.png */; };
		9C722C521A914A6C006F82E1 /* hearts01.png in Resources */ = {isa = PBXBuildFile; fileRef = 9C722C451A914A6C006F82E1 /* hearts01.png */; };
		9C722C531A914A6C006F82E1 /* hearts02.png in Resources */ = {isa = PBXBuildFile; fileRef = 9C722C461A914A6C006F82E1 /* hearts02.png */; };
		9C722C541A914A6C006F82E1 /* hearts03.png in Resources */ = {isa = PBXBuildFile; fileRef = 9C722C471A914A6C006F82E1 /* hearts03.png */; };
		9C722C551A914A6C006F82E1 /* hearts04.png in Resources */ = {isa = PBXBuildFile; fileRef = 9C722C481A914A6C006F82E1 /* hearts04.png */; };
		9C722C561A914A6C006F82E1 /* hearts05.png in Resources */ = {isa = PBXBuildFile; fileRef = 9C722C491A914A6C006F82E1 /* hearts05.png */; };
		9C722C571A914A6C006F82E1 /* hearts06.png in Resources */ = {isa = PBXBuildFile; fileRef = 9C722C4A1A914A6C006F82E1 /* hearts06.png */; };
		9C722C581A914A6C006F82E1 /* hearts07.png in Resources */ = {isa = PBXBuildFile; fileRef = 9C722C4B1A914A6C006F82E1 /* hearts07.png */; };
		9C722C591A914A6C006F82E1 /* hearts08.png in Resources */ = {isa = PBXBuildFile; fileRef = 9C722C4C1A914A6C006F82E1 /* hearts08.png */; };
		9C722C5A1A914A6C006F82E1 /* hearts09.png in Resources */ = {isa = PBXBuildFile; fileRef = 9C722C4D1A914A6C006F82E1 /* hearts09.png */; };
		9C722C5B1A914A6C006F82E1 /* hearts10.png in Resources */ = {isa = PBXBuildFile; fileRef = 9C722C4E1A914A6C006F82E1 /* hearts10.png */; };
		9C722C5C1A914A6C006F82E1 /* hearts11.png in Resources */ = {isa = PBXBuildFile; fileRef = 9C722C4F1A914A6C006F82E1 /* hearts11.png */; };
		9C722C5D1A914A6C006F82E1 /* hearts12.png in Resources */ = {isa = PBXBuildFile; fileRef = 9C722C501A914A6C006F82E1 /* hearts12.png */; };
		9C722C5E1A914A6C006F82E1 /* hearts13.png in Resources */ = {isa = PBXBuildFile; fileRef = 9C722C511A914A6C006F82E1 /* hearts13.png */; };
		9C722C6C1A914A7D006F82E1 /* spades01.png in Resources */ = {isa = PBXBuildFile; fileRef = 9C722C5F1A914A7D006F82E1 /* spades01.png */; };
		9C722C6D1A914A7D006F82E1 /* spades02.png in Resources */ = {isa = PBXBuildFile; fileRef = 9C722C601A914A7D006F82E1 /* spades02.png */; };
		9C722C6E1A914A7D006F82E1 /* spades03.png in Resources */ = {isa = PBXBuildFile; fileRef = 9C722C611A914A7D006F82E1 /* spades03.png */; };
		9C722C6F1A914A7D006F82E1 /* spades04.png in Resources */ = {isa = PBXBuildFile; fileRef = 9C722C621A914A7D006F82E1 /* spades04.png */; };
		9C722C701A914A7D006F82E1 /* spades05.png in Resources */ = {isa = PBXBuildFile; fileRef = 9C722C631A914A7D006F82E1 /* spades05.png */; };
		9C722C711A914A7D006F82E1 /* spades06.png in Resources */ = {isa = PBXBuildFile; fileRef = 9C722C641A914A7D006F82E1 /* spades06.png */; };
		9C722C721A914A7D006F82E1 /* spades07.png in Resources */ = {isa = PBXBuildFile; fileRef = 9C722C651A914A7D006F82E1 /* spades07.png */; };
		9C722C731A914A7D006F82E1 /* spades08.png in Resources */ = {isa = PBXBuildFile; fileRef = 9C722C661A914A7D006F82E1 /* spades08.png */; };
		9C722C741A914A7D006F82E1 /* spades09.png in Resources */ = {isa = PBXBuildFile; fileRef = 9C722C671A914A7D006F82E1 /* spades09.png */; };
		9C722C751A914A7D006F82E1 /* spades10.png in Resources */ = {isa = PBXBuildFile; fileRef = 9C722C681A914A7D006F82E1 /* spades10.png */; };
		9C722C761A914A7D006F82E1 /* spades11.png in Resources */ = {isa = PBXBuildFile; fileRef = 9C722C691A914A7D006F82E1 /* spades11.png */; };
		9C722C771A914A7D006F82E1 /* spades12.png in Resources */ = {isa = PBXBuildFile; fileRef = 9C722C6A1A914A7D006F82E1 /* spades12.png */; };
		9C722C781A914A7D006F82E1 /* spades13.png in Resources */ = {isa = PBXBuildFile; fileRef = 9C722C6B1A914A7D006F82E1 /* spades13.png */; };
		9C722C7A1A928A26006F82E1 /* poker_coin.png in Resources */ = {isa = PBXBuildFile; fileRef = 9C722C791A928A26006F82E1 /* poker_coin.png */; };
		9C722C7E1A92911E006F82E1 /* Double_btn.png in Resources */ = {isa = PBXBuildFile; fileRef = 9C722C7B1A92911E006F82E1 /* Double_btn.png */; };
		9C722C7F1A92911E006F82E1 /* Hit_btn.png in Resources */ = {isa = PBXBuildFile; fileRef = 9C722C7C1A92911E006F82E1 /* Hit_btn.png */; };
		9C722C801A92911E006F82E1 /* Stand_btn.png in Resources */ = {isa = PBXBuildFile; fileRef = 9C722C7D1A92911E006F82E1 /* Stand_btn.png */; };
		9CDAEC321A93D06E008ACC2D /* Coin.png in Resources */ = {isa = PBXBuildFile; fileRef = 9CDAEC311A93D06E008ACC2D /* Coin.png */; };
		9CEC195D1A595A34004E422B /* BlackjackModel.m in Sources */ = {isa = PBXBuildFile; fileRef = 9CEC195C1A595A34004E422B /* BlackjackModel.m */; };
		EC335B931A42DAE600214C5E /* main.m in Sources */ = {isa = PBXBuildFile; fileRef = EC335B921A42DAE600214C5E /* main.m */; };
		EC335B961A42DAE600214C5E /* AppDelegate.m in Sources */ = {isa = PBXBuildFile; fileRef = EC335B951A42DAE600214C5E /* AppDelegate.m */; };
		EC335B991A42DAE600214C5E /* TPBlackJack.xcdatamodeld in Sources */ = {isa = PBXBuildFile; fileRef = EC335B971A42DAE600214C5E /* TPBlackJack.xcdatamodeld */; };
		EC335B9C1A42DAE600214C5E /* ViewController.m in Sources */ = {isa = PBXBuildFile; fileRef = EC335B9B1A42DAE600214C5E /* ViewController.m */; };
		EC335B9F1A42DAE600214C5E /* Main.storyboard in Resources */ = {isa = PBXBuildFile; fileRef = EC335B9D1A42DAE600214C5E /* Main.storyboard */; };
		EC335BA11A42DAE600214C5E /* Images.xcassets in Resources */ = {isa = PBXBuildFile; fileRef = EC335BA01A42DAE600214C5E /* Images.xcassets */; };
		EC335BA41A42DAE600214C5E /* LaunchScreen.xib in Resources */ = {isa = PBXBuildFile; fileRef = EC335BA21A42DAE600214C5E /* LaunchScreen.xib */; };
		EC335BB01A42DAE600214C5E /* TPBlackJackTests.m in Sources */ = {isa = PBXBuildFile; fileRef = EC335BAF1A42DAE600214C5E /* TPBlackJackTests.m */; };
		EC335BBB1A42DD0400214C5E /* Card.m in Sources */ = {isa = PBXBuildFile; fileRef = EC335BBA1A42DD0400214C5E /* Card.m */; };
		EC335BBE1A42E29D00214C5E /* Deck.m in Sources */ = {isa = PBXBuildFile; fileRef = EC335BBD1A42E29D00214C5E /* Deck.m */; };
		EC335BC11A42EA9400214C5E /* Hand.m in Sources */ = {isa = PBXBuildFile; fileRef = EC335BC01A42EA9400214C5E /* Hand.m */; };
/* End PBXBuildFile section */

/* Begin PBXContainerItemProxy section */
		EC335BAA1A42DAE600214C5E /* PBXContainerItemProxy */ = {
			isa = PBXContainerItemProxy;
			containerPortal = EC335B851A42DAE600214C5E /* Project object */;
			proxyType = 1;
			remoteGlobalIDString = EC335B8C1A42DAE600214C5E;
			remoteInfo = TPBlackJack;
		};
/* End PBXContainerItemProxy section */

/* Begin PBXFileReference section */
		9C722C0D1A912D9A006F82E1 /* BlackJack_Table.png */ = {isa = PBXFileReference; lastKnownFileType = image.png; path = BlackJack_Table.png; sourceTree = "<group>"; };
		9C722C0F1A914A37006F82E1 /* closed.png */ = {isa = PBXFileReference; lastKnownFileType = image.png; path = closed.png; sourceTree = "<group>"; };
		9C722C111A914A43006F82E1 /* clubs01.png */ = {isa = PBXFileReference; lastKnownFileType = image.png; path = clubs01.png; sourceTree = "<group>"; };
		9C722C121A914A43006F82E1 /* clubs02.png */ = {isa = PBXFileReference; lastKnownFileType = image.png; path = clubs02.png; sourceTree = "<group>"; };
		9C722C131A914A43006F82E1 /* clubs03.png */ = {isa = PBXFileReference; lastKnownFileType = image.png; path = clubs03.png; sourceTree = "<group>"; };
		9C722C141A914A43006F82E1 /* clubs04.png */ = {isa = PBXFileReference; lastKnownFileType = image.png; path = clubs04.png; sourceTree = "<group>"; };
		9C722C151A914A43006F82E1 /* clubs05.png */ = {isa = PBXFileReference; lastKnownFileType = image.png; path = clubs05.png; sourceTree = "<group>"; };
		9C722C161A914A43006F82E1 /* clubs06.png */ = {isa = PBXFileReference; lastKnownFileType = image.png; path = clubs06.png; sourceTree = "<group>"; };
		9C722C171A914A43006F82E1 /* clubs07.png */ = {isa = PBXFileReference; lastKnownFileType = image.png; path = clubs07.png; sourceTree = "<group>"; };
		9C722C181A914A43006F82E1 /* clubs08.png */ = {isa = PBXFileReference; lastKnownFileType = image.png; path = clubs08.png; sourceTree = "<group>"; };
		9C722C191A914A43006F82E1 /* clubs09.png */ = {isa = PBXFileReference; lastKnownFileType = image.png; path = clubs09.png; sourceTree = "<group>"; };
		9C722C1A1A914A43006F82E1 /* clubs10.png */ = {isa = PBXFileReference; lastKnownFileType = image.png; path = clubs10.png; sourceTree = "<group>"; };
		9C722C1B1A914A43006F82E1 /* clubs11.png */ = {isa = PBXFileReference; lastKnownFileType = image.png; path = clubs11.png; sourceTree = "<group>"; };
		9C722C1C1A914A43006F82E1 /* clubs12.png */ = {isa = PBXFileReference; lastKnownFileType = image.png; path = clubs12.png; sourceTree = "<group>"; };
		9C722C1D1A914A43006F82E1 /* clubs13.png */ = {isa = PBXFileReference; lastKnownFileType = image.png; path = clubs13.png; sourceTree = "<group>"; };
		9C722C2B1A914A59006F82E1 /* diamonds01.png */ = {isa = PBXFileReference; lastKnownFileType = image.png; path = diamonds01.png; sourceTree = "<group>"; };
		9C722C2C1A914A59006F82E1 /* diamonds02.png */ = {isa = PBXFileReference; lastKnownFileType = image.png; path = diamonds02.png; sourceTree = "<group>"; };
		9C722C2D1A914A59006F82E1 /* diamonds03.png */ = {isa = PBXFileReference; lastKnownFileType = image.png; path = diamonds03.png; sourceTree = "<group>"; };
		9C722C2E1A914A59006F82E1 /* diamonds04.png */ = {isa = PBXFileReference; lastKnownFileType = image.png; path = diamonds04.png; sourceTree = "<group>"; };
		9C722C2F1A914A59006F82E1 /* diamonds05.png */ = {isa = PBXFileReference; lastKnownFileType = image.png; path = diamonds05.png; sourceTree = "<group>"; };
		9C722C301A914A59006F82E1 /* diamonds06.png */ = {isa = PBXFileReference; lastKnownFileType = image.png; path = diamonds06.png; sourceTree = "<group>"; };
		9C722C311A914A59006F82E1 /* diamonds07.png */ = {isa = PBXFileReference; lastKnownFileType = image.png; path = diamonds07.png; sourceTree = "<group>"; };
		9C722C321A914A59006F82E1 /* diamonds08.png */ = {isa = PBXFileReference; lastKnownFileType = image.png; path = diamonds08.png; sourceTree = "<group>"; };
		9C722C331A914A59006F82E1 /* diamonds09.png */ = {isa = PBXFileReference; lastKnownFileType = image.png; path = diamonds09.png; sourceTree = "<group>"; };
		9C722C341A914A59006F82E1 /* diamonds10.png */ = {isa = PBXFileReference; lastKnownFileType = image.png; path = diamonds10.png; sourceTree = "<group>"; };
		9C722C351A914A59006F82E1 /* diamonds11.png */ = {isa = PBXFileReference; lastKnownFileType = image.png; path = diamonds11.png; sourceTree = "<group>"; };
		9C722C361A914A59006F82E1 /* diamonds12.png */ = {isa = PBXFileReference; lastKnownFileType = image.png; path = diamonds12.png; sourceTree = "<group>"; };
		9C722C371A914A59006F82E1 /* diamonds13.png */ = {isa = PBXFileReference; lastKnownFileType = image.png; path = diamonds13.png; sourceTree = "<group>"; };
		9C722C451A914A6C006F82E1 /* hearts01.png */ = {isa = PBXFileReference; lastKnownFileType = image.png; path = hearts01.png; sourceTree = "<group>"; };
		9C722C461A914A6C006F82E1 /* hearts02.png */ = {isa = PBXFileReference; lastKnownFileType = image.png; path = hearts02.png; sourceTree = "<group>"; };
		9C722C471A914A6C006F82E1 /* hearts03.png */ = {isa = PBXFileReference; lastKnownFileType = image.png; path = hearts03.png; sourceTree = "<group>"; };
		9C722C481A914A6C006F82E1 /* hearts04.png */ = {isa = PBXFileReference; lastKnownFileType = image.png; path = hearts04.png; sourceTree = "<group>"; };
		9C722C491A914A6C006F82E1 /* hearts05.png */ = {isa = PBXFileReference; lastKnownFileType = image.png; path = hearts05.png; sourceTree = "<group>"; };
		9C722C4A1A914A6C006F82E1 /* hearts06.png */ = {isa = PBXFileReference; lastKnownFileType = image.png; path = hearts06.png; sourceTree = "<group>"; };
		9C722C4B1A914A6C006F82E1 /* hearts07.png */ = {isa = PBXFileReference; lastKnownFileType = image.png; path = hearts07.png; sourceTree = "<group>"; };
		9C722C4C1A914A6C006F82E1 /* hearts08.png */ = {isa = PBXFileReference; lastKnownFileType = image.png; path = hearts08.png; sourceTree = "<group>"; };
		9C722C4D1A914A6C006F82E1 /* hearts09.png */ = {isa = PBXFileReference; lastKnownFileType = image.png; path = hearts09.png; sourceTree = "<group>"; };
		9C722C4E1A914A6C006F82E1 /* hearts10.png */ = {isa = PBXFileReference; lastKnownFileType = image.png; path = hearts10.png; sourceTree = "<group>"; };
		9C722C4F1A914A6C006F82E1 /* hearts11.png */ = {isa = PBXFileReference; lastKnownFileType = image.png; path = hearts11.png; sourceTree = "<group>"; };
		9C722C501A914A6C006F82E1 /* hearts12.png */ = {isa = PBXFileReference; lastKnownFileType = image.png; path = hearts12.png; sourceTree = "<group>"; };
		9C722C511A914A6C006F82E1 /* hearts13.png */ = {isa = PBXFileReference; lastKnownFileType = image.png; path = hearts13.png; sourceTree = "<group>"; };
		9C722C5F1A914A7D006F82E1 /* spades01.png */ = {isa = PBXFileReference; lastKnownFileType = image.png; path = spades01.png; sourceTree = "<group>"; };
		9C722C601A914A7D006F82E1 /* spades02.png */ = {isa = PBXFileReference; lastKnownFileType = image.png; path = spades02.png; sourceTree = "<group>"; };
		9C722C611A914A7D006F82E1 /* spades03.png */ = {isa = PBXFileReference; lastKnownFileType = image.png; path = spades03.png; sourceTree = "<group>"; };
		9C722C621A914A7D006F82E1 /* spades04.png */ = {isa = PBXFileReference; lastKnownFileType = image.png; path = spades04.png; sourceTree = "<group>"; };
		9C722C631A914A7D006F82E1 /* spades05.png */ = {isa = PBXFileReference; lastKnownFileType = image.png; path = spades05.png; sourceTree = "<group>"; };
		9C722C641A914A7D006F82E1 /* spades06.png */ = {isa = PBXFileReference; lastKnownFileType = image.png; path = spades06.png; sourceTree = "<group>"; };
		9C722C651A914A7D006F82E1 /* spades07.png */ = {isa = PBXFileReference; lastKnownFileType = image.png; path = spades07.png; sourceTree = "<group>"; };
		9C722C661A914A7D006F82E1 /* spades08.png */ = {isa = PBXFileReference; lastKnownFileType = image.png; path = spades08.png; sourceTree = "<group>"; };
		9C722C671A914A7D006F82E1 /* spades09.png */ = {isa = PBXFileReference; lastKnownFileType = image.png; path = spades09.png; sourceTree = "<group>"; };
		9C722C681A914A7D006F82E1 /* spades10.png */ = {isa = PBXFileReference; lastKnownFileType = image.png; path = spades10.png; sourceTree = "<group>"; };
		9C722C691A914A7D006F82E1 /* spades11.png */ = {isa = PBXFileReference; lastKnownFileType = image.png; path = spades11.png; sourceTree = "<group>"; };
		9C722C6A1A914A7D006F82E1 /* spades12.png */ = {isa = PBXFileReference; lastKnownFileType = image.png; path = spades12.png; sourceTree = "<group>"; };
		9C722C6B1A914A7D006F82E1 /* spades13.png */ = {isa = PBXFileReference; lastKnownFileType = image.png; path = spades13.png; sourceTree = "<group>"; };
		9C722C791A928A26006F82E1 /* poker_coin.png */ = {isa = PBXFileReference; lastKnownFileType = image.png; path = poker_coin.png; sourceTree = "<group>"; };
		9C722C7B1A92911E006F82E1 /* Double_btn.png */ = {isa = PBXFileReference; lastKnownFileType = image.png; path = Double_btn.png; sourceTree = "<group>"; };
		9C722C7C1A92911E006F82E1 /* Hit_btn.png */ = {isa = PBXFileReference; lastKnownFileType = image.png; path = Hit_btn.png; sourceTree = "<group>"; };
		9C722C7D1A92911E006F82E1 /* Stand_btn.png */ = {isa = PBXFileReference; lastKnownFileType = image.png; path = Stand_btn.png; sourceTree = "<group>"; };
		9CDAEC311A93D06E008ACC2D /* Coin.png */ = {isa = PBXFileReference; lastKnownFileType = image.png; path = Coin.png; sourceTree = "<group>"; };
		9CEC195B1A595A34004E422B /* BlackjackModel.h */ = {isa = PBXFileReference; fileEncoding = 4; lastKnownFileType = sourcecode.c.h; path = BlackjackModel.h; sourceTree = "<group>"; };
		9CEC195C1A595A34004E422B /* BlackjackModel.m */ = {isa = PBXFileReference; fileEncoding = 4; lastKnownFileType = sourcecode.c.objc; path = BlackjackModel.m; sourceTree = "<group>"; };
		EC335B8D1A42DAE600214C5E /* TPBlackJack.app */ = {isa = PBXFileReference; explicitFileType = wrapper.application; includeInIndex = 0; path = TPBlackJack.app; sourceTree = BUILT_PRODUCTS_DIR; };
		EC335B911A42DAE600214C5E /* Info.plist */ = {isa = PBXFileReference; lastKnownFileType = text.plist.xml; path = Info.plist; sourceTree = "<group>"; };
		EC335B921A42DAE600214C5E /* main.m */ = {isa = PBXFileReference; lastKnownFileType = sourcecode.c.objc; path = main.m; sourceTree = "<group>"; };
		EC335B941A42DAE600214C5E /* AppDelegate.h */ = {isa = PBXFileReference; lastKnownFileType = sourcecode.c.h; path = AppDelegate.h; sourceTree = "<group>"; };
		EC335B951A42DAE600214C5E /* AppDelegate.m */ = {isa = PBXFileReference; lastKnownFileType = sourcecode.c.objc; path = AppDelegate.m; sourceTree = "<group>"; };
		EC335B981A42DAE600214C5E /* TPBlackJack.xcdatamodel */ = {isa = PBXFileReference; lastKnownFileType = wrapper.xcdatamodel; path = TPBlackJack.xcdatamodel; sourceTree = "<group>"; };
		EC335B9A1A42DAE600214C5E /* ViewController.h */ = {isa = PBXFileReference; lastKnownFileType = sourcecode.c.h; path = ViewController.h; sourceTree = "<group>"; };
		EC335B9B1A42DAE600214C5E /* ViewController.m */ = {isa = PBXFileReference; lastKnownFileType = sourcecode.c.objc; path = ViewController.m; sourceTree = "<group>"; };
		EC335B9E1A42DAE600214C5E /* Base */ = {isa = PBXFileReference; lastKnownFileType = file.storyboard; name = Base; path = Base.lproj/Main.storyboard; sourceTree = "<group>"; };
		EC335BA01A42DAE600214C5E /* Images.xcassets */ = {isa = PBXFileReference; lastKnownFileType = folder.assetcatalog; path = Images.xcassets; sourceTree = "<group>"; };
		EC335BA31A42DAE600214C5E /* Base */ = {isa = PBXFileReference; lastKnownFileType = file.xib; name = Base; path = Base.lproj/LaunchScreen.xib; sourceTree = "<group>"; };
		EC335BA91A42DAE600214C5E /* TPBlackJackTests.xctest */ = {isa = PBXFileReference; explicitFileType = wrapper.cfbundle; includeInIndex = 0; path = TPBlackJackTests.xctest; sourceTree = BUILT_PRODUCTS_DIR; };
		EC335BAE1A42DAE600214C5E /* Info.plist */ = {isa = PBXFileReference; lastKnownFileType = text.plist.xml; path = Info.plist; sourceTree = "<group>"; };
		EC335BAF1A42DAE600214C5E /* TPBlackJackTests.m */ = {isa = PBXFileReference; lastKnownFileType = sourcecode.c.objc; path = TPBlackJackTests.m; sourceTree = "<group>"; };
		EC335BB91A42DD0400214C5E /* Card.h */ = {isa = PBXFileReference; fileEncoding = 4; lastKnownFileType = sourcecode.c.h; path = Card.h; sourceTree = "<group>"; };
		EC335BBA1A42DD0400214C5E /* Card.m */ = {isa = PBXFileReference; fileEncoding = 4; lastKnownFileType = sourcecode.c.objc; path = Card.m; sourceTree = "<group>"; };
		EC335BBC1A42E29D00214C5E /* Deck.h */ = {isa = PBXFileReference; fileEncoding = 4; lastKnownFileType = sourcecode.c.h; path = Deck.h; sourceTree = "<group>"; };
		EC335BBD1A42E29D00214C5E /* Deck.m */ = {isa = PBXFileReference; fileEncoding = 4; lastKnownFileType = sourcecode.c.objc; path = Deck.m; sourceTree = "<group>"; };
		EC335BBF1A42EA9400214C5E /* Hand.h */ = {isa = PBXFileReference; fileEncoding = 4; lastKnownFileType = sourcecode.c.h; path = Hand.h; sourceTree = "<group>"; };
		EC335BC01A42EA9400214C5E /* Hand.m */ = {isa = PBXFileReference; fileEncoding = 4; lastKnownFileType = sourcecode.c.objc; path = Hand.m; sourceTree = "<group>"; };
/* End PBXFileReference section */

/* Begin PBXFrameworksBuildPhase section */
		EC335B8A1A42DAE600214C5E /* Frameworks */ = {
			isa = PBXFrameworksBuildPhase;
			buildActionMask = 2147483647;
			files = (
			);
			runOnlyForDeploymentPostprocessing = 0;
		};
		EC335BA61A42DAE600214C5E /* Frameworks */ = {
			isa = PBXFrameworksBuildPhase;
			buildActionMask = 2147483647;
			files = (
			);
			runOnlyForDeploymentPostprocessing = 0;
		};
/* End PBXFrameworksBuildPhase section */

/* Begin PBXGroup section */
		9CD953621A598FE900F70BB1 /* Cards */ = {
			isa = PBXGroup;
			children = (
				9CDAEC311A93D06E008ACC2D /* Coin.png */,
				9C722C7B1A92911E006F82E1 /* Double_btn.png */,
				9C722C7C1A92911E006F82E1 /* Hit_btn.png */,
				9C722C7D1A92911E006F82E1 /* Stand_btn.png */,
				9C722C791A928A26006F82E1 /* poker_coin.png */,
				9C722C5F1A914A7D006F82E1 /* spades01.png */,
				9C722C601A914A7D006F82E1 /* spades02.png */,
				9C722C611A914A7D006F82E1 /* spades03.png */,
				9C722C621A914A7D006F82E1 /* spades04.png */,
				9C722C631A914A7D006F82E1 /* spades05.png */,
				9C722C641A914A7D006F82E1 /* spades06.png */,
				9C722C651A914A7D006F82E1 /* spades07.png */,
				9C722C661A914A7D006F82E1 /* spades08.png */,
				9C722C671A914A7D006F82E1 /* spades09.png */,
				9C722C681A914A7D006F82E1 /* spades10.png */,
				9C722C691A914A7D006F82E1 /* spades11.png */,
				9C722C6A1A914A7D006F82E1 /* spades12.png */,
				9C722C6B1A914A7D006F82E1 /* spades13.png */,
				9C722C451A914A6C006F82E1 /* hearts01.png */,
				9C722C461A914A6C006F82E1 /* hearts02.png */,
				9C722C471A914A6C006F82E1 /* hearts03.png */,
				9C722C481A914A6C006F82E1 /* hearts04.png */,
				9C722C491A914A6C006F82E1 /* hearts05.png */,
				9C722C4A1A914A6C006F82E1 /* hearts06.png */,
				9C722C4B1A914A6C006F82E1 /* hearts07.png */,
				9C722C4C1A914A6C006F82E1 /* hearts08.png */,
				9C722C4D1A914A6C006F82E1 /* hearts09.png */,
				9C722C4E1A914A6C006F82E1 /* hearts10.png */,
				9C722C4F1A914A6C006F82E1 /* hearts11.png */,
				9C722C501A914A6C006F82E1 /* hearts12.png */,
				9C722C511A914A6C006F82E1 /* hearts13.png */,
				9C722C2B1A914A59006F82E1 /* diamonds01.png */,
				9C722C2C1A914A59006F82E1 /* diamonds02.png */,
				9C722C2D1A914A59006F82E1 /* diamonds03.png */,
				9C722C2E1A914A59006F82E1 /* diamonds04.png */,
				9C722C2F1A914A59006F82E1 /* diamonds05.png */,
				9C722C301A914A59006F82E1 /* diamonds06.png */,
				9C722C311A914A59006F82E1 /* diamonds07.png */,
				9C722C321A914A59006F82E1 /* diamonds08.png */,
				9C722C331A914A59006F82E1 /* diamonds09.png */,
				9C722C341A914A59006F82E1 /* diamonds10.png */,
				9C722C351A914A59006F82E1 /* diamonds11.png */,
				9C722C361A914A59006F82E1 /* diamonds12.png */,
				9C722C371A914A59006F82E1 /* diamonds13.png */,
				9C722C111A914A43006F82E1 /* clubs01.png */,
				9C722C121A914A43006F82E1 /* clubs02.png */,
				9C722C131A914A43006F82E1 /* clubs03.png */,
				9C722C141A914A43006F82E1 /* clubs04.png */,
				9C722C151A914A43006F82E1 /* clubs05.png */,
				9C722C161A914A43006F82E1 /* clubs06.png */,
				9C722C171A914A43006F82E1 /* clubs07.png */,
				9C722C181A914A43006F82E1 /* clubs08.png */,
				9C722C191A914A43006F82E1 /* clubs09.png */,
				9C722C1A1A914A43006F82E1 /* clubs10.png */,
				9C722C1B1A914A43006F82E1 /* clubs11.png */,
				9C722C1C1A914A43006F82E1 /* clubs12.png */,
				9C722C1D1A914A43006F82E1 /* clubs13.png */,
				9C722C0F1A914A37006F82E1 /* closed.png */,
				9C722C0D1A912D9A006F82E1 /* BlackJack_Table.png */,
			);
			name = Cards;
			sourceTree = "<group>";
		};
		9CEC19591A587C9F004E422B /* Model */ = {
			isa = PBXGroup;
			children = (
				EC335BB91A42DD0400214C5E /* Card.h */,
				EC335BBA1A42DD0400214C5E /* Card.m */,
				EC335BBC1A42E29D00214C5E /* Deck.h */,
				EC335BBD1A42E29D00214C5E /* Deck.m */,
				EC335BBF1A42EA9400214C5E /* Hand.h */,
				EC335BC01A42EA9400214C5E /* Hand.m */,
			);
			name = Model;
			sourceTree = "<group>";
		};
		EC335B841A42DAE600214C5E = {
			isa = PBXGroup;
			children = (
				EC335B8F1A42DAE600214C5E /* TPBlackJack */,
				EC335BAC1A42DAE600214C5E /* TPBlackJackTests */,
				EC335B8E1A42DAE600214C5E /* Products */,
			);
			sourceTree = "<group>";
		};
		EC335B8E1A42DAE600214C5E /* Products */ = {
			isa = PBXGroup;
			children = (
				EC335B8D1A42DAE600214C5E /* TPBlackJack.app */,
				EC335BA91A42DAE600214C5E /* TPBlackJackTests.xctest */,
			);
			name = Products;
			sourceTree = "<group>";
		};
		EC335B8F1A42DAE600214C5E /* TPBlackJack */ = {
			isa = PBXGroup;
			children = (
				9CD953621A598FE900F70BB1 /* Cards */,
				9CEC19591A587C9F004E422B /* Model */,
				9CEC195B1A595A34004E422B /* BlackjackModel.h */,
				9CEC195C1A595A34004E422B /* BlackjackModel.m */,
				EC335B941A42DAE600214C5E /* AppDelegate.h */,
				EC335B951A42DAE600214C5E /* AppDelegate.m */,
				EC335B9A1A42DAE600214C5E /* ViewController.h */,
				EC335B9B1A42DAE600214C5E /* ViewController.m */,
				EC335B9D1A42DAE600214C5E /* Main.storyboard */,
				EC335BA01A42DAE600214C5E /* Images.xcassets */,
				EC335BA21A42DAE600214C5E /* LaunchScreen.xib */,
				EC335B971A42DAE600214C5E /* TPBlackJack.xcdatamodeld */,
				EC335B901A42DAE600214C5E /* Supporting Files */,
			);
			path = TPBlackJack;
			sourceTree = "<group>";
		};
		EC335B901A42DAE600214C5E /* Supporting Files */ = {
			isa = PBXGroup;
			children = (
				EC335B911A42DAE600214C5E /* Info.plist */,
				EC335B921A42DAE600214C5E /* main.m */,
			);
			name = "Supporting Files";
			sourceTree = "<group>";
		};
		EC335BAC1A42DAE600214C5E /* TPBlackJackTests */ = {
			isa = PBXGroup;
			children = (
				EC335BAF1A42DAE600214C5E /* TPBlackJackTests.m */,
				EC335BAD1A42DAE600214C5E /* Supporting Files */,
			);
			path = TPBlackJackTests;
			sourceTree = "<group>";
		};
		EC335BAD1A42DAE600214C5E /* Supporting Files */ = {
			isa = PBXGroup;
			children = (
				EC335BAE1A42DAE600214C5E /* Info.plist */,
			);
			name = "Supporting Files";
			sourceTree = "<group>";
		};
/* End PBXGroup section */

/* Begin PBXNativeTarget section */
		EC335B8C1A42DAE600214C5E /* TPBlackJack */ = {
			isa = PBXNativeTarget;
			buildConfigurationList = EC335BB31A42DAE600214C5E /* Build configuration list for PBXNativeTarget "TPBlackJack" */;
			buildPhases = (
				EC335B891A42DAE600214C5E /* Sources */,
				EC335B8A1A42DAE600214C5E /* Frameworks */,
				EC335B8B1A42DAE600214C5E /* Resources */,
			);
			buildRules = (
			);
			dependencies = (
			);
			name = TPBlackJack;
			productName = TPBlackJack;
			productReference = EC335B8D1A42DAE600214C5E /* TPBlackJack.app */;
			productType = "com.apple.product-type.application";
		};
		EC335BA81A42DAE600214C5E /* TPBlackJackTests */ = {
			isa = PBXNativeTarget;
			buildConfigurationList = EC335BB61A42DAE600214C5E /* Build configuration list for PBXNativeTarget "TPBlackJackTests" */;
			buildPhases = (
				EC335BA51A42DAE600214C5E /* Sources */,
				EC335BA61A42DAE600214C5E /* Frameworks */,
				EC335BA71A42DAE600214C5E /* Resources */,
			);
			buildRules = (
			);
			dependencies = (
				EC335BAB1A42DAE600214C5E /* PBXTargetDependency */,
			);
			name = TPBlackJackTests;
			productName = TPBlackJackTests;
			productReference = EC335BA91A42DAE600214C5E /* TPBlackJackTests.xctest */;
			productType = "com.apple.product-type.bundle.unit-test";
		};
/* End PBXNativeTarget section */

/* Begin PBXProject section */
		EC335B851A42DAE600214C5E /* Project object */ = {
			isa = PBXProject;
			attributes = {
				LastUpgradeCheck = 0610;
				ORGANIZATIONNAME = etudiant;
				TargetAttributes = {
					EC335B8C1A42DAE600214C5E = {
						CreatedOnToolsVersion = 6.1;
					};
					EC335BA81A42DAE600214C5E = {
						CreatedOnToolsVersion = 6.1;
						TestTargetID = EC335B8C1A42DAE600214C5E;
					};
				};
			};
			buildConfigurationList = EC335B881A42DAE600214C5E /* Build configuration list for PBXProject "TPBlackJack" */;
			compatibilityVersion = "Xcode 3.2";
			developmentRegion = English;
			hasScannedForEncodings = 0;
			knownRegions = (
				en,
				Base,
			);
			mainGroup = EC335B841A42DAE600214C5E;
			productRefGroup = EC335B8E1A42DAE600214C5E /* Products */;
			projectDirPath = "";
			projectRoot = "";
			targets = (
				EC335B8C1A42DAE600214C5E /* TPBlackJack */,
				EC335BA81A42DAE600214C5E /* TPBlackJackTests */,
			);
		};
/* End PBXProject section */

/* Begin PBXResourcesBuildPhase section */
		EC335B8B1A42DAE600214C5E /* Resources */ = {
			isa = PBXResourcesBuildPhase;
			buildActionMask = 2147483647;
			files = (
				9C722C7A1A928A26006F82E1 /* poker_coin.png in Resources */,
				9C722C3E1A914A59006F82E1 /* diamonds07.png in Resources */,
				EC335B9F1A42DAE600214C5E /* Main.storyboard in Resources */,
				9C722C721A914A7D006F82E1 /* spades07.png in Resources */,
				9C722C5D1A914A6C006F82E1 /* hearts12.png in Resources */,
				9C722C0E1A912D9A006F82E1 /* BlackJack_Table.png in Resources */,
				9C722C591A914A6C006F82E1 /* hearts08.png in Resources */,
				9C722C241A914A43006F82E1 /* clubs07.png in Resources */,
				9C722C3A1A914A59006F82E1 /* diamonds03.png in Resources */,
				9C722C541A914A6C006F82E1 /* hearts03.png in Resources */,
				9C722C5A1A914A6C006F82E1 /* hearts09.png in Resources */,
				9C722C6E1A914A7D006F82E1 /* spades03.png in Resources */,
				9C722C431A914A59006F82E1 /* diamonds12.png in Resources */,
				9C722C211A914A43006F82E1 /* clubs04.png in Resources */,
				9C722C7E1A92911E006F82E1 /* Double_btn.png in Resources */,
				9C722C521A914A6C006F82E1 /* hearts01.png in Resources */,
				9C722C231A914A43006F82E1 /* clubs06.png in Resources */,
				9C722C421A914A59006F82E1 /* diamonds11.png in Resources */,
				9C722C711A914A7D006F82E1 /* spades06.png in Resources */,
				9C722C3D1A914A59006F82E1 /* diamonds06.png in Resources */,
				9C722C201A914A43006F82E1 /* clubs03.png in Resources */,
				9C722C731A914A7D006F82E1 /* spades08.png in Resources */,
				9C722C411A914A59006F82E1 /* diamonds10.png in Resources */,
				9C722C401A914A59006F82E1 /* diamonds09.png in Resources */,
				9CDAEC321A93D06E008ACC2D /* Coin.png in Resources */,
				9C722C561A914A6C006F82E1 /* hearts05.png in Resources */,
				9C722C781A914A7D006F82E1 /* spades13.png in Resources */,
				9C722C261A914A43006F82E1 /* clubs09.png in Resources */,
				9C722C6C1A914A7D006F82E1 /* spades01.png in Resources */,
				9C722C3F1A914A59006F82E1 /* diamonds08.png in Resources */,
				9C722C1E1A914A43006F82E1 /* clubs01.png in Resources */,
				9C722C6D1A914A7D006F82E1 /* spades02.png in Resources */,
				EC335BA41A42DAE600214C5E /* LaunchScreen.xib in Resources */,
				9C722C441A914A59006F82E1 /* diamonds13.png in Resources */,
				9C722C3B1A914A59006F82E1 /* diamonds04.png in Resources */,
				9C722C5C1A914A6C006F82E1 /* hearts11.png in Resources */,
				9C722C291A914A43006F82E1 /* clubs12.png in Resources */,
				9C722C741A914A7D006F82E1 /* spades09.png in Resources */,
				9C722C5B1A914A6C006F82E1 /* hearts10.png in Resources */,
				9C722C391A914A59006F82E1 /* diamonds02.png in Resources */,
				9C722C281A914A43006F82E1 /* clubs11.png in Resources */,
				9C722C571A914A6C006F82E1 /* hearts06.png in Resources */,
				9C722C751A914A7D006F82E1 /* spades10.png in Resources */,
				9C722C7F1A92911E006F82E1 /* Hit_btn.png in Resources */,
				9C722C221A914A43006F82E1 /* clubs05.png in Resources */,
				9C722C6F1A914A7D006F82E1 /* spades04.png in Resources */,
				9C722C251A914A43006F82E1 /* clubs08.png in Resources */,
				9C722C701A914A7D006F82E1 /* spades05.png in Resources */,
				9C722C101A914A37006F82E1 /* closed.png in Resources */,
				EC335BA11A42DAE600214C5E /* Images.xcassets in Resources */,
				9C722C1F1A914A43006F82E1 /* clubs02.png in Resources */,
				9C722C381A914A59006F82E1 /* diamonds01.png in Resources */,
				9C722C3C1A914A59006F82E1 /* diamonds05.png in Resources */,
				9C722C5E1A914A6C006F82E1 /* hearts13.png in Resources */,
				9C722C531A914A6C006F82E1 /* hearts02.png in Resources */,
				9C722C771A914A7D006F82E1 /* spades12.png in Resources */,
				9C722C761A914A7D006F82E1 /* spades11.png in Resources */,
				9C722C551A914A6C006F82E1 /* hearts04.png in Resources */,
				9C722C271A914A43006F82E1 /* clubs10.png in Resources */,
				9C722C2A1A914A43006F82E1 /* clubs13.png in Resources */,
				9C722C801A92911E006F82E1 /* Stand_btn.png in Resources */,
				9C722C581A914A6C006F82E1 /* hearts07.png in Resources */,
			);
			runOnlyForDeploymentPostprocessing = 0;
		};
		EC335BA71A42DAE600214C5E /* Resources */ = {
			isa = PBXResourcesBuildPhase;
			buildActionMask = 2147483647;
			files = (
			);
			runOnlyForDeploymentPostprocessing = 0;
		};
/* End PBXResourcesBuildPhase section */

/* Begin PBXSourcesBuildPhase section */
		EC335B891A42DAE600214C5E /* Sources */ = {
			isa = PBXSourcesBuildPhase;
			buildActionMask = 2147483647;
			files = (
				EC335BBB1A42DD0400214C5E /* Card.m in Sources */,
				EC335BC11A42EA9400214C5E /* Hand.m in Sources */,
				9CEC195D1A595A34004E422B /* BlackjackModel.m in Sources */,
				EC335B961A42DAE600214C5E /* AppDelegate.m in Sources */,
				EC335B931A42DAE600214C5E /* main.m in Sources */,
				EC335B9C1A42DAE600214C5E /* ViewController.m in Sources */,
				EC335BBE1A42E29D00214C5E /* Deck.m in Sources */,
				EC335B991A42DAE600214C5E /* TPBlackJack.xcdatamodeld in Sources */,
			);
			runOnlyForDeploymentPostprocessing = 0;
		};
		EC335BA51A42DAE600214C5E /* Sources */ = {
			isa = PBXSourcesBuildPhase;
			buildActionMask = 2147483647;
			files = (
				EC335BB01A42DAE600214C5E /* TPBlackJackTests.m in Sources */,
			);
			runOnlyForDeploymentPostprocessing = 0;
		};
/* End PBXSourcesBuildPhase section */

/* Begin PBXTargetDependency section */
		EC335BAB1A42DAE600214C5E /* PBXTargetDependency */ = {
			isa = PBXTargetDependency;
			target = EC335B8C1A42DAE600214C5E /* TPBlackJack */;
			targetProxy = EC335BAA1A42DAE600214C5E /* PBXContainerItemProxy */;
		};
/* End PBXTargetDependency section */

/* Begin PBXVariantGroup section */
		EC335B9D1A42DAE600214C5E /* Main.storyboard */ = {
			isa = PBXVariantGroup;
			children = (
				EC335B9E1A42DAE600214C5E /* Base */,
			);
			name = Main.storyboard;
			sourceTree = "<group>";
		};
		EC335BA21A42DAE600214C5E /* LaunchScreen.xib */ = {
			isa = PBXVariantGroup;
			children = (
				EC335BA31A42DAE600214C5E /* Base */,
			);
			name = LaunchScreen.xib;
			sourceTree = "<group>";
		};
/* End PBXVariantGroup section */

/* Begin XCBuildConfiguration section */
		EC335BB11A42DAE600214C5E /* Debug */ = {
			isa = XCBuildConfiguration;
			buildSettings = {
				ALWAYS_SEARCH_USER_PATHS = NO;
				CLANG_CXX_LANGUAGE_STANDARD = "gnu++0x";
				CLANG_CXX_LIBRARY = "libc++";
				CLANG_ENABLE_MODULES = YES;
				CLANG_ENABLE_OBJC_ARC = YES;
				CLANG_WARN_BOOL_CONVERSION = YES;
				CLANG_WARN_CONSTANT_CONVERSION = YES;
				CLANG_WARN_DIRECT_OBJC_ISA_USAGE = YES_ERROR;
				CLANG_WARN_EMPTY_BODY = YES;
				CLANG_WARN_ENUM_CONVERSION = YES;
				CLANG_WARN_INT_CONVERSION = YES;
				CLANG_WARN_OBJC_ROOT_CLASS = YES_ERROR;
				CLANG_WARN_UNREACHABLE_CODE = YES;
				CLANG_WARN__DUPLICATE_METHOD_MATCH = YES;
				"CODE_SIGN_IDENTITY[sdk=iphoneos*]" = "iPhone Developer";
				COPY_PHASE_STRIP = NO;
				ENABLE_STRICT_OBJC_MSGSEND = YES;
				GCC_C_LANGUAGE_STANDARD = gnu99;
				GCC_DYNAMIC_NO_PIC = NO;
				GCC_OPTIMIZATION_LEVEL = 0;
				GCC_PREPROCESSOR_DEFINITIONS = (
					"DEBUG=1",
					"$(inherited)",
				);
				GCC_SYMBOLS_PRIVATE_EXTERN = NO;
				GCC_WARN_64_TO_32_BIT_CONVERSION = YES;
				GCC_WARN_ABOUT_RETURN_TYPE = YES_ERROR;
				GCC_WARN_UNDECLARED_SELECTOR = YES;
				GCC_WARN_UNINITIALIZED_AUTOS = YES_AGGRESSIVE;
				GCC_WARN_UNUSED_FUNCTION = YES;
				GCC_WARN_UNUSED_VARIABLE = YES;
				IPHONEOS_DEPLOYMENT_TARGET = 8.1;
				MTL_ENABLE_DEBUG_INFO = YES;
				ONLY_ACTIVE_ARCH = YES;
				SDKROOT = iphoneos;
			};
			name = Debug;
		};
		EC335BB21A42DAE600214C5E /* Release */ = {
			isa = XCBuildConfiguration;
			buildSettings = {
				ALWAYS_SEARCH_USER_PATHS = NO;
				CLANG_CXX_LANGUAGE_STANDARD = "gnu++0x";
				CLANG_CXX_LIBRARY = "libc++";
				CLANG_ENABLE_MODULES = YES;
				CLANG_ENABLE_OBJC_ARC = YES;
				CLANG_WARN_BOOL_CONVERSION = YES;
				CLANG_WARN_CONSTANT_CONVERSION = YES;
				CLANG_WARN_DIRECT_OBJC_ISA_USAGE = YES_ERROR;
				CLANG_WARN_EMPTY_BODY = YES;
				CLANG_WARN_ENUM_CONVERSION = YES;
				CLANG_WARN_INT_CONVERSION = YES;
				CLANG_WARN_OBJC_ROOT_CLASS = YES_ERROR;
				CLANG_WARN_UNREACHABLE_CODE = YES;
				CLANG_WARN__DUPLICATE_METHOD_MATCH = YES;
				"CODE_SIGN_IDENTITY[sdk=iphoneos*]" = "iPhone Developer";
				COPY_PHASE_STRIP = YES;
				ENABLE_NS_ASSERTIONS = NO;
				ENABLE_STRICT_OBJC_MSGSEND = YES;
				GCC_C_LANGUAGE_STANDARD = gnu99;
				GCC_WARN_64_TO_32_BIT_CONVERSION = YES;
				GCC_WARN_ABOUT_RETURN_TYPE = YES_ERROR;
				GCC_WARN_UNDECLARED_SELECTOR = YES;
				GCC_WARN_UNINITIALIZED_AUTOS = YES_AGGRESSIVE;
				GCC_WARN_UNUSED_FUNCTION = YES;
				GCC_WARN_UNUSED_VARIABLE = YES;
				IPHONEOS_DEPLOYMENT_TARGET = 8.1;
				MTL_ENABLE_DEBUG_INFO = NO;
				SDKROOT = iphoneos;
				VALIDATE_PRODUCT = YES;
			};
			name = Release;
		};
		EC335BB41A42DAE600214C5E /* Debug */ = {
			isa = XCBuildConfiguration;
			buildSettings = {
				ASSETCATALOG_COMPILER_APPICON_NAME = AppIcon;
				INFOPLIST_FILE = TPBlackJack/Info.plist;
				LD_RUNPATH_SEARCH_PATHS = "$(inherited) @executable_path/Frameworks";
				PRODUCT_NAME = "$(TARGET_NAME)";
			};
			name = Debug;
		};
		EC335BB51A42DAE600214C5E /* Release */ = {
			isa = XCBuildConfiguration;
			buildSettings = {
				ASSETCATALOG_COMPILER_APPICON_NAME = AppIcon;
				INFOPLIST_FILE = TPBlackJack/Info.plist;
				LD_RUNPATH_SEARCH_PATHS = "$(inherited) @executable_path/Frameworks";
				PRODUCT_NAME = "$(TARGET_NAME)";
			};
			name = Release;
		};
		EC335BB71A42DAE600214C5E /* Debug */ = {
			isa = XCBuildConfiguration;
			buildSettings = {
				BUNDLE_LOADER = "$(TEST_HOST)";
				FRAMEWORK_SEARCH_PATHS = (
					"$(SDKROOT)/Developer/Library/Frameworks",
					"$(inherited)",
				);
				GCC_PREPROCESSOR_DEFINITIONS = (
					"DEBUG=1",
					"$(inherited)",
				);
				INFOPLIST_FILE = TPBlackJackTests/Info.plist;
				LD_RUNPATH_SEARCH_PATHS = "$(inherited) @executable_path/Frameworks @loader_path/Frameworks";
				PRODUCT_NAME = "$(TARGET_NAME)";
				TEST_HOST = "$(BUILT_PRODUCTS_DIR)/TPBlackJack.app/TPBlackJack";
			};
			name = Debug;
		};
		EC335BB81A42DAE600214C5E /* Release */ = {
			isa = XCBuildConfiguration;
			buildSettings = {
				BUNDLE_LOADER = "$(TEST_HOST)";
				FRAMEWORK_SEARCH_PATHS = (
					"$(SDKROOT)/Developer/Library/Frameworks",
					"$(inherited)",
				);
				INFOPLIST_FILE = TPBlackJackTests/Info.plist;
				LD_RUNPATH_SEARCH_PATHS = "$(inherited) @executable_path/Frameworks @loader_path/Frameworks";
				PRODUCT_NAME = "$(TARGET_NAME)";
				TEST_HOST = "$(BUILT_PRODUCTS_DIR)/TPBlackJack.app/TPBlackJack";
			};
			name = Release;
		};
/* End XCBuildConfiguration section */

/* Begin XCConfigurationList section */
		EC335B881A42DAE600214C5E /* Build configuration list for PBXProject "TPBlackJack" */ = {
			isa = XCConfigurationList;
			buildConfigurations = (
				EC335BB11A42DAE600214C5E /* Debug */,
				EC335BB21A42DAE600214C5E /* Release */,
			);
			defaultConfigurationIsVisible = 0;
			defaultConfigurationName = Release;
		};
		EC335BB31A42DAE600214C5E /* Build configuration list for PBXNativeTarget "TPBlackJack" */ = {
			isa = XCConfigurationList;
			buildConfigurations = (
				EC335BB41A42DAE600214C5E /* Debug */,
				EC335BB51A42DAE600214C5E /* Release */,
			);
			defaultConfigurationIsVisible = 0;
			defaultConfigurationName = Release;
		};
		EC335BB61A42DAE600214C5E /* Build configuration list for PBXNativeTarget "TPBlackJackTests" */ = {
			isa = XCConfigurationList;
			buildConfigurations = (
				EC335BB71A42DAE600214C5E /* Debug */,
				EC335BB81A42DAE600214C5E /* Release */,
			);
			defaultConfigurationIsVisible = 0;
			defaultConfigurationName = Release;
		};
/* End XCConfigurationList section */

/* Begin XCVersionGroup section */
		EC335B971A42DAE600214C5E /* TPBlackJack.xcdatamodeld */ = {
			isa = XCVersionGroup;
			children = (
				EC335B981A42DAE600214C5E /* TPBlackJack.xcdatamodel */,
			);
			currentVersion = EC335B981A42DAE600214C5E /* TPBlackJack.xcdatamodel */;
			path = TPBlackJack.xcdatamodeld;
			sourceTree = "<group>";
			versionGroupType = wrapper.xcdatamodel;
		};
/* End XCVersionGroup section */
	};
	rootObject = EC335B851A42DAE600214C5E /* Project object */;
}
